// !$*UTF8*$!
{
	archiveVersion = 1;
	classes = {
	};
	objectVersion = 56;
	objects = {

/* Begin PBXBuildFile section */
		CC1FC3B32C0B19F0000A1C8A /* ChatRoomTableViewCellProtocol.swift in Sources */ = {isa = PBXBuildFile; fileRef = CC1FC3B22C0B19F0000A1C8A /* ChatRoomTableViewCellProtocol.swift */; };
		CC2AAD2E2C0E01C3004BD1D4 /* ChattingViewController.swift in Sources */ = {isa = PBXBuildFile; fileRef = CC2AAD2D2C0E01C3004BD1D4 /* ChattingViewController.swift */; };
		CC2AAD312C0E0447004BD1D4 /* IQKeyboardManagerSwift in Frameworks */ = {isa = PBXBuildFile; productRef = CC2AAD302C0E0447004BD1D4 /* IQKeyboardManagerSwift */; };
		CC5DC8C72C09F8EC005AB9E1 /* AppDelegate.swift in Sources */ = {isa = PBXBuildFile; fileRef = CC5DC8C62C09F8EC005AB9E1 /* AppDelegate.swift */; };
		CC5DC8C92C09F8EC005AB9E1 /* SceneDelegate.swift in Sources */ = {isa = PBXBuildFile; fileRef = CC5DC8C82C09F8EC005AB9E1 /* SceneDelegate.swift */; };
		CC5DC8CB2C09F8EC005AB9E1 /* ChattingListViewController.swift in Sources */ = {isa = PBXBuildFile; fileRef = CC5DC8CA2C09F8EC005AB9E1 /* ChattingListViewController.swift */; };
		CC5DC8CE2C09F8EC005AB9E1 /* Base in Resources */ = {isa = PBXBuildFile; fileRef = CC5DC8CD2C09F8EC005AB9E1 /* Base */; };
		CC5DC8D02C09F8ED005AB9E1 /* Assets.xcassets in Resources */ = {isa = PBXBuildFile; fileRef = CC5DC8CF2C09F8ED005AB9E1 /* Assets.xcassets */; };
		CC5DC8D32C09F8ED005AB9E1 /* Base in Resources */ = {isa = PBXBuildFile; fileRef = CC5DC8D22C09F8ED005AB9E1 /* Base */; };
		CC985BFF2C0AE0130009ED35 /* ChattingData.swift in Sources */ = {isa = PBXBuildFile; fileRef = CC985BFE2C0AE0130009ED35 /* ChattingData.swift */; };
		CC985C062C0AE1A40009ED35 /* PersonalChatRoomTableViewCell.swift in Sources */ = {isa = PBXBuildFile; fileRef = CC985C042C0AE1A40009ED35 /* PersonalChatRoomTableViewCell.swift */; };
		CC985C072C0AE1A40009ED35 /* PersonalChatRoomTableViewCell.xib in Resources */ = {isa = PBXBuildFile; fileRef = CC985C052C0AE1A40009ED35 /* PersonalChatRoomTableViewCell.xib */; };
		CC985C0A2C0AF0910009ED35 /* String+Extension.swift in Sources */ = {isa = PBXBuildFile; fileRef = CC985C092C0AF0910009ED35 /* String+Extension.swift */; };
		CCDCDFCA2C0AF3F50016FFD3 /* UITableViewCellProtocol.swift in Sources */ = {isa = PBXBuildFile; fileRef = CCDCDFC92C0AF3F50016FFD3 /* UITableViewCellProtocol.swift */; };
		CCDCDFCE2C0B04EA0016FFD3 /* GroupChatRoomTableViewCell.swift in Sources */ = {isa = PBXBuildFile; fileRef = CCDCDFCC2C0B04EA0016FFD3 /* GroupChatRoomTableViewCell.swift */; };
		CCDCDFCF2C0B04EA0016FFD3 /* GroupChatRoomTableViewCell.xib in Resources */ = {isa = PBXBuildFile; fileRef = CCDCDFCD2C0B04EA0016FFD3 /* GroupChatRoomTableViewCell.xib */; };
/* End PBXBuildFile section */

/* Begin PBXFileReference section */
		CC1FC3B22C0B19F0000A1C8A /* ChatRoomTableViewCellProtocol.swift */ = {isa = PBXFileReference; lastKnownFileType = sourcecode.swift; path = ChatRoomTableViewCellProtocol.swift; sourceTree = "<group>"; };
		CC2AAD2D2C0E01C3004BD1D4 /* ChattingViewController.swift */ = {isa = PBXFileReference; lastKnownFileType = sourcecode.swift; path = ChattingViewController.swift; sourceTree = "<group>"; };
		CC5DC8C32C09F8EC005AB9E1 /* Travel_Talk.app */ = {isa = PBXFileReference; explicitFileType = wrapper.application; includeInIndex = 0; path = Travel_Talk.app; sourceTree = BUILT_PRODUCTS_DIR; };
		CC5DC8C62C09F8EC005AB9E1 /* AppDelegate.swift */ = {isa = PBXFileReference; lastKnownFileType = sourcecode.swift; path = AppDelegate.swift; sourceTree = "<group>"; };
		CC5DC8C82C09F8EC005AB9E1 /* SceneDelegate.swift */ = {isa = PBXFileReference; lastKnownFileType = sourcecode.swift; path = SceneDelegate.swift; sourceTree = "<group>"; };
		CC5DC8CA2C09F8EC005AB9E1 /* ChattingListViewController.swift */ = {isa = PBXFileReference; lastKnownFileType = sourcecode.swift; path = ChattingListViewController.swift; sourceTree = "<group>"; };
		CC5DC8CD2C09F8EC005AB9E1 /* Base */ = {isa = PBXFileReference; lastKnownFileType = file.storyboard; name = Base; path = Base.lproj/Main.storyboard; sourceTree = "<group>"; };
		CC5DC8CF2C09F8ED005AB9E1 /* Assets.xcassets */ = {isa = PBXFileReference; lastKnownFileType = folder.assetcatalog; path = Assets.xcassets; sourceTree = "<group>"; };
		CC5DC8D22C09F8ED005AB9E1 /* Base */ = {isa = PBXFileReference; lastKnownFileType = file.storyboard; name = Base; path = Base.lproj/LaunchScreen.storyboard; sourceTree = "<group>"; };
		CC5DC8D42C09F8ED005AB9E1 /* Info.plist */ = {isa = PBXFileReference; lastKnownFileType = text.plist.xml; path = Info.plist; sourceTree = "<group>"; };
		CC985BFE2C0AE0130009ED35 /* ChattingData.swift */ = {isa = PBXFileReference; fileEncoding = 4; lastKnownFileType = sourcecode.swift; path = ChattingData.swift; sourceTree = "<group>"; };
		CC985C042C0AE1A40009ED35 /* PersonalChatRoomTableViewCell.swift */ = {isa = PBXFileReference; lastKnownFileType = sourcecode.swift; path = PersonalChatRoomTableViewCell.swift; sourceTree = "<group>"; };
		CC985C052C0AE1A40009ED35 /* PersonalChatRoomTableViewCell.xib */ = {isa = PBXFileReference; lastKnownFileType = file.xib; path = PersonalChatRoomTableViewCell.xib; sourceTree = "<group>"; };
		CC985C092C0AF0910009ED35 /* String+Extension.swift */ = {isa = PBXFileReference; lastKnownFileType = sourcecode.swift; path = "String+Extension.swift"; sourceTree = "<group>"; };
		CCDCDFC92C0AF3F50016FFD3 /* UITableViewCellProtocol.swift */ = {isa = PBXFileReference; lastKnownFileType = sourcecode.swift; path = UITableViewCellProtocol.swift; sourceTree = "<group>"; };
		CCDCDFCC2C0B04EA0016FFD3 /* GroupChatRoomTableViewCell.swift */ = {isa = PBXFileReference; lastKnownFileType = sourcecode.swift; path = GroupChatRoomTableViewCell.swift; sourceTree = "<group>"; };
		CCDCDFCD2C0B04EA0016FFD3 /* GroupChatRoomTableViewCell.xib */ = {isa = PBXFileReference; lastKnownFileType = file.xib; path = GroupChatRoomTableViewCell.xib; sourceTree = "<group>"; };
/* End PBXFileReference section */

/* Begin PBXFrameworksBuildPhase section */
		CC5DC8C02C09F8EC005AB9E1 /* Frameworks */ = {
			isa = PBXFrameworksBuildPhase;
			buildActionMask = 2147483647;
			files = (
				CC2AAD312C0E0447004BD1D4 /* IQKeyboardManagerSwift in Frameworks */,
			);
			runOnlyForDeploymentPostprocessing = 0;
		};
/* End PBXFrameworksBuildPhase section */

/* Begin PBXGroup section */
		CC5DC8BA2C09F8EC005AB9E1 = {
			isa = PBXGroup;
			children = (
				CC5DC8C52C09F8EC005AB9E1 /* Travel_Talk */,
				CC5DC8C42C09F8EC005AB9E1 /* Products */,
			);
			sourceTree = "<group>";
		};
		CC5DC8C42C09F8EC005AB9E1 /* Products */ = {
			isa = PBXGroup;
			children = (
				CC5DC8C32C09F8EC005AB9E1 /* Travel_Talk.app */,
			);
			name = Products;
			sourceTree = "<group>";
		};
		CC5DC8C52C09F8EC005AB9E1 /* Travel_Talk */ = {
			isa = PBXGroup;
			children = (
				CCDCDFC82C0AF3E80016FFD3 /* Protocol */,
				CC985C082C0AF07F0009ED35 /* Extension */,
				CC985C012C0AE1790009ED35 /* View */,
				CC985C002C0AE16C0009ED35 /* Controller */,
				CC985BFD2C0ADFB40009ED35 /* Model */,
				CC5DC8C62C09F8EC005AB9E1 /* AppDelegate.swift */,
				CC5DC8C82C09F8EC005AB9E1 /* SceneDelegate.swift */,
				CC5DC8CF2C09F8ED005AB9E1 /* Assets.xcassets */,
				CC5DC8D12C09F8ED005AB9E1 /* LaunchScreen.storyboard */,
				CC5DC8D42C09F8ED005AB9E1 /* Info.plist */,
			);
			path = Travel_Talk;
			sourceTree = "<group>";
		};
		CC985BFD2C0ADFB40009ED35 /* Model */ = {
			isa = PBXGroup;
			children = (
				CC985BFE2C0AE0130009ED35 /* ChattingData.swift */,
			);
			path = Model;
			sourceTree = "<group>";
		};
		CC985C002C0AE16C0009ED35 /* Controller */ = {
			isa = PBXGroup;
			children = (
				CC5DC8CA2C09F8EC005AB9E1 /* ChattingListViewController.swift */,
				CC2AAD2D2C0E01C3004BD1D4 /* ChattingViewController.swift */,
			);
			path = Controller;
			sourceTree = "<group>";
		};
		CC985C012C0AE1790009ED35 /* View */ = {
			isa = PBXGroup;
			children = (
				CCDCDFCB2C0B04A00016FFD3 /* ChatRoomTableViewCells */,
				CC5DC8CC2C09F8EC005AB9E1 /* Main.storyboard */,
			);
			path = View;
			sourceTree = "<group>";
		};
		CC985C082C0AF07F0009ED35 /* Extension */ = {
			isa = PBXGroup;
			children = (
				CC985C092C0AF0910009ED35 /* String+Extension.swift */,
			);
			path = Extension;
			sourceTree = "<group>";
		};
		CCDCDFC82C0AF3E80016FFD3 /* Protocol */ = {
			isa = PBXGroup;
			children = (
				CCDCDFC92C0AF3F50016FFD3 /* UITableViewCellProtocol.swift */,
				CC1FC3B22C0B19F0000A1C8A /* ChatRoomTableViewCellProtocol.swift */,
			);
			path = Protocol;
			sourceTree = "<group>";
		};
		CCDCDFCB2C0B04A00016FFD3 /* ChatRoomTableViewCells */ = {
			isa = PBXGroup;
			children = (
				CC985C042C0AE1A40009ED35 /* PersonalChatRoomTableViewCell.swift */,
				CC985C052C0AE1A40009ED35 /* PersonalChatRoomTableViewCell.xib */,
				CCDCDFCC2C0B04EA0016FFD3 /* GroupChatRoomTableViewCell.swift */,
				CCDCDFCD2C0B04EA0016FFD3 /* GroupChatRoomTableViewCell.xib */,
			);
			path = ChatRoomTableViewCells;
			sourceTree = "<group>";
		};
/* End PBXGroup section */

/* Begin PBXNativeTarget section */
		CC5DC8C22C09F8EC005AB9E1 /* Travel_Talk */ = {
			isa = PBXNativeTarget;
			buildConfigurationList = CC5DC8D72C09F8ED005AB9E1 /* Build configuration list for PBXNativeTarget "Travel_Talk" */;
			buildPhases = (
				CC5DC8BF2C09F8EC005AB9E1 /* Sources */,
				CC5DC8C02C09F8EC005AB9E1 /* Frameworks */,
				CC5DC8C12C09F8EC005AB9E1 /* Resources */,
			);
			buildRules = (
			);
			dependencies = (
			);
			name = Travel_Talk;
			packageProductDependencies = (
				CC2AAD302C0E0447004BD1D4 /* IQKeyboardManagerSwift */,
			);
			productName = Travel_Talk;
			productReference = CC5DC8C32C09F8EC005AB9E1 /* Travel_Talk.app */;
			productType = "com.apple.product-type.application";
		};
/* End PBXNativeTarget section */

/* Begin PBXProject section */
		CC5DC8BB2C09F8EC005AB9E1 /* Project object */ = {
			isa = PBXProject;
			attributes = {
				BuildIndependentTargetsInParallel = 1;
				LastSwiftUpdateCheck = 1540;
				LastUpgradeCheck = 1540;
				TargetAttributes = {
					CC5DC8C22C09F8EC005AB9E1 = {
						CreatedOnToolsVersion = 15.4;
					};
				};
			};
			buildConfigurationList = CC5DC8BE2C09F8EC005AB9E1 /* Build configuration list for PBXProject "Travel_Talk" */;
			compatibilityVersion = "Xcode 14.0";
			developmentRegion = en;
			hasScannedForEncodings = 0;
			knownRegions = (
				en,
				Base,
			);
			mainGroup = CC5DC8BA2C09F8EC005AB9E1;
			packageReferences = (
				CC2AAD2F2C0E0447004BD1D4 /* XCRemoteSwiftPackageReference "IQKeyboardManager" */,
			);
			productRefGroup = CC5DC8C42C09F8EC005AB9E1 /* Products */;
			projectDirPath = "";
			projectRoot = "";
			targets = (
				CC5DC8C22C09F8EC005AB9E1 /* Travel_Talk */,
			);
		};
/* End PBXProject section */

/* Begin PBXResourcesBuildPhase section */
		CC5DC8C12C09F8EC005AB9E1 /* Resources */ = {
			isa = PBXResourcesBuildPhase;
			buildActionMask = 2147483647;
			files = (
				CC5DC8D02C09F8ED005AB9E1 /* Assets.xcassets in Resources */,
				CCDCDFCF2C0B04EA0016FFD3 /* GroupChatRoomTableViewCell.xib in Resources */,
				CC5DC8D32C09F8ED005AB9E1 /* Base in Resources */,
				CC5DC8CE2C09F8EC005AB9E1 /* Base in Resources */,
				CC985C072C0AE1A40009ED35 /* PersonalChatRoomTableViewCell.xib in Resources */,
			);
			runOnlyForDeploymentPostprocessing = 0;
		};
/* End PBXResourcesBuildPhase section */

/* Begin PBXSourcesBuildPhase section */
		CC5DC8BF2C09F8EC005AB9E1 /* Sources */ = {
			isa = PBXSourcesBuildPhase;
			buildActionMask = 2147483647;
			files = (
				CCDCDFCE2C0B04EA0016FFD3 /* GroupChatRoomTableViewCell.swift in Sources */,
				CC5DC8CB2C09F8EC005AB9E1 /* ChattingListViewController.swift in Sources */,
				CCDCDFCA2C0AF3F50016FFD3 /* UITableViewCellProtocol.swift in Sources */,
				CC985BFF2C0AE0130009ED35 /* ChattingData.swift in Sources */,
				CC5DC8C72C09F8EC005AB9E1 /* AppDelegate.swift in Sources */,
				CC985C062C0AE1A40009ED35 /* PersonalChatRoomTableViewCell.swift in Sources */,
				CC2AAD2E2C0E01C3004BD1D4 /* ChattingViewController.swift in Sources */,
				CC1FC3B32C0B19F0000A1C8A /* ChatRoomTableViewCellProtocol.swift in Sources */,
				CC985C0A2C0AF0910009ED35 /* String+Extension.swift in Sources */,
				CC5DC8C92C09F8EC005AB9E1 /* SceneDelegate.swift in Sources */,
			);
			runOnlyForDeploymentPostprocessing = 0;
		};
/* End PBXSourcesBuildPhase section */

/* Begin PBXVariantGroup section */
		CC5DC8CC2C09F8EC005AB9E1 /* Main.storyboard */ = {
			isa = PBXVariantGroup;
			children = (
				CC5DC8CD2C09F8EC005AB9E1 /* Base */,
			);
			name = Main.storyboard;
			sourceTree = "<group>";
		};
		CC5DC8D12C09F8ED005AB9E1 /* LaunchScreen.storyboard */ = {
			isa = PBXVariantGroup;
			children = (
				CC5DC8D22C09F8ED005AB9E1 /* Base */,
			);
			name = LaunchScreen.storyboard;
			sourceTree = "<group>";
		};
/* End PBXVariantGroup section */

/* Begin XCBuildConfiguration section */
		CC5DC8D52C09F8ED005AB9E1 /* Debug */ = {
			isa = XCBuildConfiguration;
			buildSettings = {
				ALWAYS_SEARCH_USER_PATHS = NO;
				ASSETCATALOG_COMPILER_GENERATE_SWIFT_ASSET_SYMBOL_EXTENSIONS = YES;
				CLANG_ANALYZER_NONNULL = YES;
				CLANG_ANALYZER_NUMBER_OBJECT_CONVERSION = YES_AGGRESSIVE;
				CLANG_CXX_LANGUAGE_STANDARD = "gnu++20";
				CLANG_ENABLE_MODULES = YES;
				CLANG_ENABLE_OBJC_ARC = YES;
				CLANG_ENABLE_OBJC_WEAK = YES;
				CLANG_WARN_BLOCK_CAPTURE_AUTORELEASING = YES;
				CLANG_WARN_BOOL_CONVERSION = YES;
				CLANG_WARN_COMMA = YES;
				CLANG_WARN_CONSTANT_CONVERSION = YES;
				CLANG_WARN_DEPRECATED_OBJC_IMPLEMENTATIONS = YES;
				CLANG_WARN_DIRECT_OBJC_ISA_USAGE = YES_ERROR;
				CLANG_WARN_DOCUMENTATION_COMMENTS = YES;
				CLANG_WARN_EMPTY_BODY = YES;
				CLANG_WARN_ENUM_CONVERSION = YES;
				CLANG_WARN_INFINITE_RECURSION = YES;
				CLANG_WARN_INT_CONVERSION = YES;
				CLANG_WARN_NON_LITERAL_NULL_CONVERSION = YES;
				CLANG_WARN_OBJC_IMPLICIT_RETAIN_SELF = YES;
				CLANG_WARN_OBJC_LITERAL_CONVERSION = YES;
				CLANG_WARN_OBJC_ROOT_CLASS = YES_ERROR;
				CLANG_WARN_QUOTED_INCLUDE_IN_FRAMEWORK_HEADER = YES;
				CLANG_WARN_RANGE_LOOP_ANALYSIS = YES;
				CLANG_WARN_STRICT_PROTOTYPES = YES;
				CLANG_WARN_SUSPICIOUS_MOVE = YES;
				CLANG_WARN_UNGUARDED_AVAILABILITY = YES_AGGRESSIVE;
				CLANG_WARN_UNREACHABLE_CODE = YES;
				CLANG_WARN__DUPLICATE_METHOD_MATCH = YES;
				COPY_PHASE_STRIP = NO;
				DEBUG_INFORMATION_FORMAT = dwarf;
				ENABLE_STRICT_OBJC_MSGSEND = YES;
				ENABLE_TESTABILITY = YES;
				ENABLE_USER_SCRIPT_SANDBOXING = YES;
				GCC_C_LANGUAGE_STANDARD = gnu17;
				GCC_DYNAMIC_NO_PIC = NO;
				GCC_NO_COMMON_BLOCKS = YES;
				GCC_OPTIMIZATION_LEVEL = 0;
				GCC_PREPROCESSOR_DEFINITIONS = (
					"DEBUG=1",
					"$(inherited)",
				);
				GCC_WARN_64_TO_32_BIT_CONVERSION = YES;
				GCC_WARN_ABOUT_RETURN_TYPE = YES_ERROR;
				GCC_WARN_UNDECLARED_SELECTOR = YES;
				GCC_WARN_UNINITIALIZED_AUTOS = YES_AGGRESSIVE;
				GCC_WARN_UNUSED_FUNCTION = YES;
				GCC_WARN_UNUSED_VARIABLE = YES;
				IPHONEOS_DEPLOYMENT_TARGET = 17.5;
				LOCALIZATION_PREFERS_STRING_CATALOGS = YES;
				MTL_ENABLE_DEBUG_INFO = INCLUDE_SOURCE;
				MTL_FAST_MATH = YES;
				ONLY_ACTIVE_ARCH = YES;
				SDKROOT = iphoneos;
				SWIFT_ACTIVE_COMPILATION_CONDITIONS = "DEBUG $(inherited)";
				SWIFT_OPTIMIZATION_LEVEL = "-Onone";
			};
			name = Debug;
		};
		CC5DC8D62C09F8ED005AB9E1 /* Release */ = {
			isa = XCBuildConfiguration;
			buildSettings = {
				ALWAYS_SEARCH_USER_PATHS = NO;
				ASSETCATALOG_COMPILER_GENERATE_SWIFT_ASSET_SYMBOL_EXTENSIONS = YES;
				CLANG_ANALYZER_NONNULL = YES;
				CLANG_ANALYZER_NUMBER_OBJECT_CONVERSION = YES_AGGRESSIVE;
				CLANG_CXX_LANGUAGE_STANDARD = "gnu++20";
				CLANG_ENABLE_MODULES = YES;
				CLANG_ENABLE_OBJC_ARC = YES;
				CLANG_ENABLE_OBJC_WEAK = YES;
				CLANG_WARN_BLOCK_CAPTURE_AUTORELEASING = YES;
				CLANG_WARN_BOOL_CONVERSION = YES;
				CLANG_WARN_COMMA = YES;
				CLANG_WARN_CONSTANT_CONVERSION = YES;
				CLANG_WARN_DEPRECATED_OBJC_IMPLEMENTATIONS = YES;
				CLANG_WARN_DIRECT_OBJC_ISA_USAGE = YES_ERROR;
				CLANG_WARN_DOCUMENTATION_COMMENTS = YES;
				CLANG_WARN_EMPTY_BODY = YES;
				CLANG_WARN_ENUM_CONVERSION = YES;
				CLANG_WARN_INFINITE_RECURSION = YES;
				CLANG_WARN_INT_CONVERSION = YES;
				CLANG_WARN_NON_LITERAL_NULL_CONVERSION = YES;
				CLANG_WARN_OBJC_IMPLICIT_RETAIN_SELF = YES;
				CLANG_WARN_OBJC_LITERAL_CONVERSION = YES;
				CLANG_WARN_OBJC_ROOT_CLASS = YES_ERROR;
				CLANG_WARN_QUOTED_INCLUDE_IN_FRAMEWORK_HEADER = YES;
				CLANG_WARN_RANGE_LOOP_ANALYSIS = YES;
				CLANG_WARN_STRICT_PROTOTYPES = YES;
				CLANG_WARN_SUSPICIOUS_MOVE = YES;
				CLANG_WARN_UNGUARDED_AVAILABILITY = YES_AGGRESSIVE;
				CLANG_WARN_UNREACHABLE_CODE = YES;
				CLANG_WARN__DUPLICATE_METHOD_MATCH = YES;
				COPY_PHASE_STRIP = NO;
				DEBUG_INFORMATION_FORMAT = "dwarf-with-dsym";
				ENABLE_NS_ASSERTIONS = NO;
				ENABLE_STRICT_OBJC_MSGSEND = YES;
				ENABLE_USER_SCRIPT_SANDBOXING = YES;
				GCC_C_LANGUAGE_STANDARD = gnu17;
				GCC_NO_COMMON_BLOCKS = YES;
				GCC_WARN_64_TO_32_BIT_CONVERSION = YES;
				GCC_WARN_ABOUT_RETURN_TYPE = YES_ERROR;
				GCC_WARN_UNDECLARED_SELECTOR = YES;
				GCC_WARN_UNINITIALIZED_AUTOS = YES_AGGRESSIVE;
				GCC_WARN_UNUSED_FUNCTION = YES;
				GCC_WARN_UNUSED_VARIABLE = YES;
				IPHONEOS_DEPLOYMENT_TARGET = 17.5;
				LOCALIZATION_PREFERS_STRING_CATALOGS = YES;
				MTL_ENABLE_DEBUG_INFO = NO;
				MTL_FAST_MATH = YES;
				SDKROOT = iphoneos;
				SWIFT_COMPILATION_MODE = wholemodule;
				VALIDATE_PRODUCT = YES;
			};
			name = Release;
		};
		CC5DC8D82C09F8ED005AB9E1 /* Debug */ = {
			isa = XCBuildConfiguration;
			buildSettings = {
				ASSETCATALOG_COMPILER_APPICON_NAME = AppIcon;
				ASSETCATALOG_COMPILER_GLOBAL_ACCENT_COLOR_NAME = AccentColor;
				CODE_SIGN_STYLE = Automatic;
				CURRENT_PROJECT_VERSION = 1;
				DEVELOPMENT_TEAM = YWNQ4RZBTS;
				GENERATE_INFOPLIST_FILE = YES;
				INFOPLIST_FILE = Travel_Talk/Info.plist;
				INFOPLIST_KEY_UIApplicationSupportsIndirectInputEvents = YES;
				INFOPLIST_KEY_UILaunchStoryboardName = LaunchScreen;
				INFOPLIST_KEY_UIMainStoryboardFile = Main;
				INFOPLIST_KEY_UISupportedInterfaceOrientations_iPad = "UIInterfaceOrientationPortrait UIInterfaceOrientationPortraitUpsideDown UIInterfaceOrientationLandscapeLeft UIInterfaceOrientationLandscapeRight";
				INFOPLIST_KEY_UISupportedInterfaceOrientations_iPhone = "UIInterfaceOrientationPortrait UIInterfaceOrientationLandscapeLeft UIInterfaceOrientationLandscapeRight";
				IPHONEOS_DEPLOYMENT_TARGET = 15.0;
				LD_RUNPATH_SEARCH_PATHS = (
					"$(inherited)",
					"@executable_path/Frameworks",
				);
				MARKETING_VERSION = 1.0;
				PRODUCT_BUNDLE_IDENTIFIER = "com.jinyoo.sesac.Travel-Talk";
				PRODUCT_NAME = "$(TARGET_NAME)";
				SUPPORTED_PLATFORMS = "iphoneos iphonesimulator";
				SUPPORTS_MACCATALYST = NO;
				SUPPORTS_MAC_DESIGNED_FOR_IPHONE_IPAD = NO;
				SUPPORTS_XR_DESIGNED_FOR_IPHONE_IPAD = NO;
				SWIFT_EMIT_LOC_STRINGS = YES;
				SWIFT_VERSION = 5.0;
				TARGETED_DEVICE_FAMILY = 1;
			};
			name = Debug;
		};
		CC5DC8D92C09F8ED005AB9E1 /* Release */ = {
			isa = XCBuildConfiguration;
			buildSettings = {
				ASSETCATALOG_COMPILER_APPICON_NAME = AppIcon;
				ASSETCATALOG_COMPILER_GLOBAL_ACCENT_COLOR_NAME = AccentColor;
				CODE_SIGN_STYLE = Automatic;
				CURRENT_PROJECT_VERSION = 1;
				DEVELOPMENT_TEAM = YWNQ4RZBTS;
				GENERATE_INFOPLIST_FILE = YES;
				INFOPLIST_FILE = Travel_Talk/Info.plist;
				INFOPLIST_KEY_UIApplicationSupportsIndirectInputEvents = YES;
				INFOPLIST_KEY_UILaunchStoryboardName = LaunchScreen;
				INFOPLIST_KEY_UIMainStoryboardFile = Main;
				INFOPLIST_KEY_UISupportedInterfaceOrientations_iPad = "UIInterfaceOrientationPortrait UIInterfaceOrientationPortraitUpsideDown UIInterfaceOrientationLandscapeLeft UIInterfaceOrientationLandscapeRight";
				INFOPLIST_KEY_UISupportedInterfaceOrientations_iPhone = "UIInterfaceOrientationPortrait UIInterfaceOrientationLandscapeLeft UIInterfaceOrientationLandscapeRight";
				IPHONEOS_DEPLOYMENT_TARGET = 15.0;
				LD_RUNPATH_SEARCH_PATHS = (
					"$(inherited)",
					"@executable_path/Frameworks",
				);
				MARKETING_VERSION = 1.0;
				PRODUCT_BUNDLE_IDENTIFIER = "com.jinyoo.sesac.Travel-Talk";
				PRODUCT_NAME = "$(TARGET_NAME)";
				SUPPORTED_PLATFORMS = "iphoneos iphonesimulator";
				SUPPORTS_MACCATALYST = NO;
				SUPPORTS_MAC_DESIGNED_FOR_IPHONE_IPAD = NO;
				SUPPORTS_XR_DESIGNED_FOR_IPHONE_IPAD = NO;
				SWIFT_EMIT_LOC_STRINGS = YES;
				SWIFT_VERSION = 5.0;
				TARGETED_DEVICE_FAMILY = 1;
			};
			name = Release;
		};
/* End XCBuildConfiguration section */

/* Begin XCConfigurationList section */
		CC5DC8BE2C09F8EC005AB9E1 /* Build configuration list for PBXProject "Travel_Talk" */ = {
			isa = XCConfigurationList;
			buildConfigurations = (
				CC5DC8D52C09F8ED005AB9E1 /* Debug */,
				CC5DC8D62C09F8ED005AB9E1 /* Release */,
			);
			defaultConfigurationIsVisible = 0;
			defaultConfigurationName = Release;
		};
		CC5DC8D72C09F8ED005AB9E1 /* Build configuration list for PBXNativeTarget "Travel_Talk" */ = {
			isa = XCConfigurationList;
			buildConfigurations = (
				CC5DC8D82C09F8ED005AB9E1 /* Debug */,
				CC5DC8D92C09F8ED005AB9E1 /* Release */,
			);
			defaultConfigurationIsVisible = 0;
			defaultConfigurationName = Release;
		};
/* End XCConfigurationList section */

/* Begin XCRemoteSwiftPackageReference section */
		CC2AAD2F2C0E0447004BD1D4 /* XCRemoteSwiftPackageReference "IQKeyboardManager" */ = {
			isa = XCRemoteSwiftPackageReference;
			repositoryURL = "https://github.com/hackiftekhar/IQKeyboardManager.git";
			requirement = {
				kind = upToNextMajorVersion;
				minimumVersion = 7.0.3;
			};
		};
/* End XCRemoteSwiftPackageReference section */

/* Begin XCSwiftPackageProductDependency section */
		CC2AAD302C0E0447004BD1D4 /* IQKeyboardManagerSwift */ = {
			isa = XCSwiftPackageProductDependency;
			package = CC2AAD2F2C0E0447004BD1D4 /* XCRemoteSwiftPackageReference "IQKeyboardManager" */;
			productName = IQKeyboardManagerSwift;
		};
/* End XCSwiftPackageProductDependency section */
	};
	rootObject = CC5DC8BB2C09F8EC005AB9E1 /* Project object */;
}
